
Microsoft Visual Studio Solution File, Format Version 12.00
# Visual Studio Version 17
VisualStudioVersion = 17.1.32328.378
MinimumVisualStudioVersion = 10.0.40219.1
Project("{FAE04EC0-301F-11D3-BF4B-00C04F79EFBC}") = "Projeto_Teste", "Projeto_Teste\Projeto_Teste.csproj", "{CE03F081-31D9-4388-A826-0C7D85CE36D0}"
EndProject
Global
	GlobalSection(SolutionConfigurationPlatforms) = preSolution
		Debug|Any CPU = Debug|Any CPU
		Release|Any CPU = Release|Any CPU
	EndGlobalSection
	GlobalSection(ProjectConfigurationPlatforms) = postSolution
		{CE03F081-31D9-4388-A826-0C7D85CE36D0}.Debug|Any CPU.ActiveCfg = Debug|Any CPU
		{CE03F081-31D9-4388-A826-0C7D85CE36D0}.Debug|Any CPU.Build.0 = Debug|Any CPU
		{CE03F081-31D9-4388-A826-0C7D85CE36D0}.Release|Any CPU.ActiveCfg = Release|Any CPU
		{CE03F081-31D9-4388-A826-0C7D85CE36D0}.Release|Any CPU.Build.0 = Release|Any CPU
	EndGlobalSection
	GlobalSection(SolutionProperties) = preSolution
		HideSolutionNode = FALSE
	EndGlobalSection
	GlobalSection(ExtensibilityGlobals) = postSolution
		SolutionGuid = {A2EDF9D3-F380-43E1-80B8-250A64DF5806}
	EndGlobalSection
EndGlobal
